// !$*UTF8*$!
{
	archiveVersion = 1;
	classes = {
	};
	objectVersion = 46;
	objects = {

/* Begin PBXBuildFile section */
		D3CBD43019A4527F00C96C7E /* AppDelegate.swift in Sources */ = {isa = PBXBuildFile; fileRef = D3CBD42F19A4527F00C96C7E /* AppDelegate.swift */; };
		D3CBD43219A4527F00C96C7E /* ViewController.swift in Sources */ = {isa = PBXBuildFile; fileRef = D3CBD43119A4527F00C96C7E /* ViewController.swift */; };
		D3CBD43519A4527F00C96C7E /* Main.storyboard in Resources */ = {isa = PBXBuildFile; fileRef = D3CBD43319A4527F00C96C7E /* Main.storyboard */; };
		D3CBD43719A4527F00C96C7E /* Images.xcassets in Resources */ = {isa = PBXBuildFile; fileRef = D3CBD43619A4527F00C96C7E /* Images.xcassets */; };
		D3CBD44319A4528000C96C7E /* textFieldDemoWClassTests.swift in Sources */ = {isa = PBXBuildFile; fileRef = D3CBD44219A4528000C96C7E /* textFieldDemoWClassTests.swift */; };
/* End PBXBuildFile section */

/* Begin PBXContainerItemProxy section */
		D3CBD43D19A4528000C96C7E /* PBXContainerItemProxy */ = {
			isa = PBXContainerItemProxy;
			containerPortal = D3CBD42219A4527F00C96C7E /* Project object */;
			proxyType = 1;
			remoteGlobalIDString = D3CBD42919A4527F00C96C7E;
			remoteInfo = textFieldDemoWClass;
		};
/* End PBXContainerItemProxy section */

/* Begin PBXFileReference section */
		D3CBD42A19A4527F00C96C7E /* textFieldDemoWClass.app */ = {isa = PBXFileReference; explicitFileType = wrapper.application; includeInIndex = 0; path = textFieldDemoWClass.app; sourceTree = BUILT_PRODUCTS_DIR; };
		D3CBD42E19A4527F00C96C7E /* Info.plist */ = {isa = PBXFileReference; lastKnownFileType = text.plist.xml; path = Info.plist; sourceTree = "<group>"; };
		D3CBD42F19A4527F00C96C7E /* AppDelegate.swift */ = {isa = PBXFileReference; lastKnownFileType = sourcecode.swift; path = AppDelegate.swift; sourceTree = "<group>"; };
		D3CBD43119A4527F00C96C7E /* ViewController.swift */ = {isa = PBXFileReference; lastKnownFileType = sourcecode.swift; path = ViewController.swift; sourceTree = "<group>"; };
		D3CBD43419A4527F00C96C7E /* Base */ = {isa = PBXFileReference; lastKnownFileType = file.storyboard; name = Base; path = Base.lproj/Main.storyboard; sourceTree = "<group>"; };
		D3CBD43619A4527F00C96C7E /* Images.xcassets */ = {isa = PBXFileReference; lastKnownFileType = folder.assetcatalog; path = Images.xcassets; sourceTree = "<group>"; };
		D3CBD43C19A4528000C96C7E /* textFieldDemoWClassTests.xctest */ = {isa = PBXFileReference; explicitFileType = wrapper.cfbundle; includeInIndex = 0; path = textFieldDemoWClassTests.xctest; sourceTree = BUILT_PRODUCTS_DIR; };
		D3CBD44119A4528000C96C7E /* Info.plist */ = {isa = PBXFileReference; lastKnownFileType = text.plist.xml; path = Info.plist; sourceTree = "<group>"; };
		D3CBD44219A4528000C96C7E /* textFieldDemoWClassTests.swift */ = {isa = PBXFileReference; lastKnownFileType = sourcecode.swift; path = textFieldDemoWClassTests.swift; sourceTree = "<group>"; };
/* End PBXFileReference section */

/* Begin PBXFrameworksBuildPhase section */
		D3CBD42719A4527F00C96C7E /* Frameworks */ = {
			isa = PBXFrameworksBuildPhase;
			buildActionMask = 2147483647;
			files = (
			);
			runOnlyForDeploymentPostprocessing = 0;
		};
		D3CBD43919A4528000C96C7E /* Frameworks */ = {
			isa = PBXFrameworksBuildPhase;
			buildActionMask = 2147483647;
			files = (
			);
			runOnlyForDeploymentPostprocessing = 0;
		};
/* End PBXFrameworksBuildPhase section */

/* Begin PBXGroup section */
		D3CBD42119A4527F00C96C7E = {
			isa = PBXGroup;
			children = (
				D3CBD42C19A4527F00C96C7E /* textFieldDemoWClass */,
				D3CBD43F19A4528000C96C7E /* textFieldDemoWClassTests */,
				D3CBD42B19A4527F00C96C7E /* Products */,
			);
			sourceTree = "<group>";
		};
		D3CBD42B19A4527F00C96C7E /* Products */ = {
			isa = PBXGroup;
			children = (
				D3CBD42A19A4527F00C96C7E /* textFieldDemoWClass.app */,
				D3CBD43C19A4528000C96C7E /* textFieldDemoWClassTests.xctest */,
			);
			name = Products;
			sourceTree = "<group>";
		};
		D3CBD42C19A4527F00C96C7E /* textFieldDemoWClass */ = {
			isa = PBXGroup;
			children = (
				D3CBD42F19A4527F00C96C7E /* AppDelegate.swift */,
				D3CBD43119A4527F00C96C7E /* ViewController.swift */,
				D3CBD43319A4527F00C96C7E /* Main.storyboard */,
				D3CBD43619A4527F00C96C7E /* Images.xcassets */,
				D3CBD42D19A4527F00C96C7E /* Supporting Files */,
			);
			path = textFieldDemoWClass;
			sourceTree = "<group>";
		};
		D3CBD42D19A4527F00C96C7E /* Supporting Files */ = {
			isa = PBXGroup;
			children = (
				D3CBD42E19A4527F00C96C7E /* Info.plist */,
			);
			name = "Supporting Files";
			sourceTree = "<group>";
		};
		D3CBD43F19A4528000C96C7E /* textFieldDemoWClassTests */ = {
			isa = PBXGroup;
			children = (
				D3CBD44219A4528000C96C7E /* textFieldDemoWClassTests.swift */,
				D3CBD44019A4528000C96C7E /* Supporting Files */,
			);
			path = textFieldDemoWClassTests;
			sourceTree = "<group>";
		};
		D3CBD44019A4528000C96C7E /* Supporting Files */ = {
			isa = PBXGroup;
			children = (
				D3CBD44119A4528000C96C7E /* Info.plist */,
			);
			name = "Supporting Files";
			sourceTree = "<group>";
		};
/* End PBXGroup section */

/* Begin PBXNativeTarget section */
		D3CBD42919A4527F00C96C7E /* textFieldDemoWClass */ = {
			isa = PBXNativeTarget;
			buildConfigurationList = D3CBD44619A4528000C96C7E /* Build configuration list for PBXNativeTarget "textFieldDemoWClass" */;
			buildPhases = (
				D3CBD42619A4527F00C96C7E /* Sources */,
				D3CBD42719A4527F00C96C7E /* Frameworks */,
				D3CBD42819A4527F00C96C7E /* Resources */,
			);
			buildRules = (
			);
			dependencies = (
			);
			name = textFieldDemoWClass;
			productName = textFieldDemoWClass;
			productReference = D3CBD42A19A4527F00C96C7E /* textFieldDemoWClass.app */;
			productType = "com.apple.product-type.application";
		};
		D3CBD43B19A4528000C96C7E /* textFieldDemoWClassTests */ = {
			isa = PBXNativeTarget;
			buildConfigurationList = D3CBD44919A4528000C96C7E /* Build configuration list for PBXNativeTarget "textFieldDemoWClassTests" */;
			buildPhases = (
				D3CBD43819A4528000C96C7E /* Sources */,
				D3CBD43919A4528000C96C7E /* Frameworks */,
				D3CBD43A19A4528000C96C7E /* Resources */,
			);
			buildRules = (
			);
			dependencies = (
				D3CBD43E19A4528000C96C7E /* PBXTargetDependency */,
			);
			name = textFieldDemoWClassTests;
			productName = textFieldDemoWClassTests;
			productReference = D3CBD43C19A4528000C96C7E /* textFieldDemoWClassTests.xctest */;
			productType = "com.apple.product-type.bundle.unit-test";
		};
/* End PBXNativeTarget section */

/* Begin PBXProject section */
		D3CBD42219A4527F00C96C7E /* Project object */ = {
			isa = PBXProject;
			attributes = {
				LastUpgradeCheck = 0600;
				ORGANIZATIONNAME = "Brian Mendez";
				TargetAttributes = {
					D3CBD42919A4527F00C96C7E = {
						CreatedOnToolsVersion = 6.0;
					};
					D3CBD43B19A4528000C96C7E = {
						CreatedOnToolsVersion = 6.0;
						TestTargetID = D3CBD42919A4527F00C96C7E;
					};
				};
			};
			buildConfigurationList = D3CBD42519A4527F00C96C7E /* Build configuration list for PBXProject "textFieldDemoWClass" */;
			compatibilityVersion = "Xcode 3.2";
			developmentRegion = English;
			hasScannedForEncodings = 0;
			knownRegions = (
				en,
				Base,
			);
			mainGroup = D3CBD42119A4527F00C96C7E;
			productRefGroup = D3CBD42B19A4527F00C96C7E /* Products */;
			projectDirPath = "";
			projectRoot = "";
			targets = (
				D3CBD42919A4527F00C96C7E /* textFieldDemoWClass */,
				D3CBD43B19A4528000C96C7E /* textFieldDemoWClassTests */,
			);
		};
/* End PBXProject section */

/* Begin PBXResourcesBuildPhase section */
		D3CBD42819A4527F00C96C7E /* Resources */ = {
			isa = PBXResourcesBuildPhase;
			buildActionMask = 2147483647;
			files = (
				D3CBD43519A4527F00C96C7E /* Main.storyboard in Resources */,
				D3CBD43719A4527F00C96C7E /* Images.xcassets in Resources */,
			);
			runOnlyForDeploymentPostprocessing = 0;
		};
		D3CBD43A19A4528000C96C7E /* Resources */ = {
			isa = PBXResourcesBuildPhase;
			buildActionMask = 2147483647;
			files = (
			);
			runOnlyForDeploymentPostprocessing = 0;
		};
/* End PBXResourcesBuildPhase section */

/* Begin PBXSourcesBuildPhase section */
		D3CBD42619A4527F00C96C7E /* Sources */ = {
			isa = PBXSourcesBuildPhase;
			buildActionMask = 2147483647;
			files = (
				D3CBD43219A4527F00C96C7E /* ViewController.swift in Sources */,
				D3CBD43019A4527F00C96C7E /* AppDelegate.swift in Sources */,
			);
			runOnlyForDeploymentPostprocessing = 0;
		};
		D3CBD43819A4528000C96C7E /* Sources */ = {
			isa = PBXSourcesBuildPhase;
			buildActionMask = 2147483647;
			files = (
				D3CBD44319A4528000C96C7E /* textFieldDemoWClassTests.swift in Sources */,
			);
			runOnlyForDeploymentPostprocessing = 0;
		};
/* End PBXSourcesBuildPhase section */

/* Begin PBXTargetDependency section */
		D3CBD43E19A4528000C96C7E /* PBXTargetDependency */ = {
			isa = PBXTargetDependency;
			target = D3CBD42919A4527F00C96C7E /* textFieldDemoWClass */;
			targetProxy = D3CBD43D19A4528000C96C7E /* PBXContainerItemProxy */;
		};
/* End PBXTargetDependency section */

/* Begin PBXVariantGroup section */
		D3CBD43319A4527F00C96C7E /* Main.storyboard */ = {
			isa = PBXVariantGroup;
			children = (
				D3CBD43419A4527F00C96C7E /* Base */,
			);
			name = Main.storyboard;
			sourceTree = "<group>";
		};
/* End PBXVariantGroup section */

/* Begin XCBuildConfiguration section */
		D3CBD44419A4528000C96C7E /* Debug */ = {
			isa = XCBuildConfiguration;
			buildSettings = {
				ALWAYS_SEARCH_USER_PATHS = NO;
				CLANG_CXX_LANGUAGE_STANDARD = "gnu++0x";
				CLANG_CXX_LIBRARY = "libc++";
				CLANG_ENABLE_MODULES = YES;
				CLANG_ENABLE_OBJC_ARC = YES;
				CLANG_WARN_BOOL_CONVERSION = YES;
				CLANG_WARN_CONSTANT_CONVERSION = YES;
				CLANG_WARN_DIRECT_OBJC_ISA_USAGE = YES_ERROR;
				CLANG_WARN_EMPTY_BODY = YES;
				CLANG_WARN_ENUM_CONVERSION = YES;
				CLANG_WARN_INT_CONVERSION = YES;
				CLANG_WARN_OBJC_ROOT_CLASS = YES_ERROR;
				CLANG_WARN_UNREACHABLE_CODE = YES;
				CLANG_WARN__DUPLICATE_METHOD_MATCH = YES;
				"CODE_SIGN_IDENTITY[sdk=iphoneos*]" = "iPhone Developer";
				COPY_PHASE_STRIP = NO;
				ENABLE_STRICT_OBJC_MSGSEND = YES;
				GCC_C_LANGUAGE_STANDARD = gnu99;
				GCC_DYNAMIC_NO_PIC = NO;
				GCC_OPTIMIZATION_LEVEL = 0;
				GCC_PREPROCESSOR_DEFINITIONS = (
					"DEBUG=1",
					"$(inherited)",
				);
				GCC_SYMBOLS_PRIVATE_EXTERN = NO;
				GCC_WARN_64_TO_32_BIT_CONVERSION = YES;
				GCC_WARN_ABOUT_RETURN_TYPE = YES_ERROR;
				GCC_WARN_UNDECLARED_SELECTOR = YES;
				GCC_WARN_UNINITIALIZED_AUTOS = YES_AGGRESSIVE;
				GCC_WARN_UNUSED_FUNCTION = YES;
				GCC_WARN_UNUSED_VARIABLE = YES;
				IPHONEOS_DEPLOYMENT_TARGET = 8.0;
				MTL_ENABLE_DEBUG_INFO = YES;
				ONLY_ACTIVE_ARCH = YES;
				SDKROOT = iphoneos;
				SWIFT_OPTIMIZATION_LEVEL = "-Onone";
			};
			name = Debug;
		};
		D3CBD44519A4528000C96C7E /* Release */ = {
			isa = XCBuildConfiguration;
			buildSettings = {
				ALWAYS_SEARCH_USER_PATHS = NO;
				CLANG_CXX_LANGUAGE_STANDARD = "gnu++0x";
				CLANG_CXX_LIBRARY = "libc++";
				CLANG_ENABLE_MODULES = YES;
				CLANG_ENABLE_OBJC_ARC = YES;
				CLANG_WARN_BOOL_CONVERSION = YES;
				CLANG_WARN_CONSTANT_CONVERSION = YES;
				CLANG_WARN_DIRECT_OBJC_ISA_USAGE = YES_ERROR;
				CLANG_WARN_EMPTY_BODY = YES;
				CLANG_WARN_ENUM_CONVERSION = YES;
				CLANG_WARN_INT_CONVERSION = YES;
				CLANG_WARN_OBJC_ROOT_CLASS = YES_ERROR;
				CLANG_WARN_UNREACHABLE_CODE = YES;
				CLANG_WARN__DUPLICATE_METHOD_MATCH = YES;
				"CODE_SIGN_IDENTITY[sdk=iphoneos*]" = "iPhone Developer";
				COPY_PHASE_STRIP = YES;
				ENABLE_NS_ASSERTIONS = NO;
				ENABLE_STRICT_OBJC_MSGSEND = YES;
				GCC_C_LANGUAGE_STANDARD = gnu99;
				GCC_WARN_64_TO_32_BIT_CONVERSION = YES;
				GCC_WARN_ABOUT_RETURN_TYPE = YES_ERROR;
				GCC_WARN_UNDECLARED_SELECTOR = YES;
				GCC_WARN_UNINITIALIZED_AUTOS = YES_AGGRESSIVE;
				GCC_WARN_UNUSED_FUNCTION = YES;
				GCC_WARN_UNUSED_VARIABLE = YES;
				IPHONEOS_DEPLOYMENT_TARGET = 8.0;
				MTL_ENABLE_DEBUG_INFO = NO;
				SDKROOT = iphoneos;
				VALIDATE_PRODUCT = YES;
			};
			name = Release;
		};
		D3CBD44719A4528000C96C7E /* Debug */ = {
			isa = XCBuildConfiguration;
			buildSettings = {
				ASSETCATALOG_COMPILER_APPICON_NAME = AppIcon;
				ASSETCATALOG_COMPILER_LAUNCHIMAGE_NAME = LaunchImage;
				INFOPLIST_FILE = textFieldDemoWClass/Info.plist;
				LD_RUNPATH_SEARCH_PATHS = "$(inherited) @executable_path/Frameworks";
				PRODUCT_NAME = "$(TARGET_NAME)";
			};
			name = Debug;
		};
		D3CBD44819A4528000C96C7E /* Release */ = {
			isa = XCBuildConfiguration;
			buildSettings = {
				ASSETCATALOG_COMPILER_APPICON_NAME = AppIcon;
				ASSETCATALOG_COMPILER_LAUNCHIMAGE_NAME = LaunchImage;
				INFOPLIST_FILE = textFieldDemoWClass/Info.plist;
				LD_RUNPATH_SEARCH_PATHS = "$(inherited) @executable_path/Frameworks";
				PRODUCT_NAME = "$(TARGET_NAME)";
			};
			name = Release;
		};
		D3CBD44A19A4528000C96C7E /* Debug */ = {
			isa = XCBuildConfiguration;
			buildSettings = {
				BUNDLE_LOADER = "$(TEST_HOST)";
				FRAMEWORK_SEARCH_PATHS = (
					"$(SDKROOT)/Developer/Library/Frameworks",
					"$(inherited)",
				);
				GCC_PREPROCESSOR_DEFINITIONS = (
					"DEBUG=1",
					"$(inherited)",
				);
				INFOPLIST_FILE = textFieldDemoWClassTests/Info.plist;
				LD_RUNPATH_SEARCH_PATHS = "$(inherited) @executable_path/Frameworks @loader_path/Frameworks";
				PRODUCT_NAME = "$(TARGET_NAME)";
				TEST_HOST = "$(BUILT_PRODUCTS_DIR)/textFieldDemoWClass.app/textFieldDemoWClass";
			};
			name = Debug;
		};
		D3CBD44B19A4528000C96C7E /* Release */ = {
			isa = XCBuildConfiguration;
			buildSettings = {
				BUNDLE_LOADER = "$(TEST_HOST)";
				FRAMEWORK_SEARCH_PATHS = (
					"$(SDKROOT)/Developer/Library/Frameworks",
					"$(inherited)",
				);
				INFOPLIST_FILE = textFieldDemoWClassTests/Info.plist;
				LD_RUNPATH_SEARCH_PATHS = "$(inherited) @executable_path/Frameworks @loader_path/Frameworks";
				PRODUCT_NAME = "$(TARGET_NAME)";
				TEST_HOST = "$(BUILT_PRODUCTS_DIR)/textFieldDemoWClass.app/textFieldDemoWClass";
			};
			name = Release;
		};
/* End XCBuildConfiguration section */

/* Begin XCConfigurationList section */
		D3CBD42519A4527F00C96C7E /* Build configuration list for PBXProject "textFieldDemoWClass" */ = {
			isa = XCConfigurationList;
			buildConfigurations = (
				D3CBD44419A4528000C96C7E /* Debug */,
				D3CBD44519A4528000C96C7E /* Release */,
			);
			defaultConfigurationIsVisible = 0;
			defaultConfigurationName = Release;
		};
		D3CBD44619A4528000C96C7E /* Build configuration list for PBXNativeTarget "textFieldDemoWClass" */ = {
			isa = XCConfigurationList;
			buildConfigurations = (
				D3CBD44719A4528000C96C7E /* Debug */,
				D3CBD44819A4528000C96C7E /* Release */,
			);
			defaultConfigurationIsVisible = 0;
		};
		D3CBD44919A4528000C96C7E /* Build configuration list for PBXNativeTarget "textFieldDemoWClassTests" */ = {
			isa = XCConfigurationList;
			buildConfigurations = (
				D3CBD44A19A4528000C96C7E /* Debug */,
				D3CBD44B19A4528000C96C7E /* Release */,
			);
			defaultConfigurationIsVisible = 0;
		};
/* End XCConfigurationList section */
	};
	rootObject = D3CBD42219A4527F00C96C7E /* Project object */;
}
